// !$*UTF8*$!
{
	archiveVersion = 1;
	classes = {
	};
	objectVersion = 110;
	objects = {

/* Begin PBXBuildFile section */
		48F0D6DA305EF8B000116CAC /* OpenAICompat in Frameworks */ = {isa = PBXBuildFile; productRef = 48F0D6D9305EF8B000116CAC /* OpenAICompat */; };
		48F0D6E3305EFB0000116CAC /* MLXLLM in Frameworks */ = {isa = PBXBuildFile; productRef = 48F0D6E2305EFB0000116CAC /* MLXLLM */; };
		48F0D6E5305EFB0000116CAC /* MLXLMCommon in Frameworks */ = {isa = PBXBuildFile; productRef = 48F0D6E4305EFB0000116CAC /* MLXLMCommon */; };
		48F0D76F305FB0AD00116CAC /* ModelKit in Frameworks */ = {isa = PBXBuildFile; productRef = 48F0D76E305FB0AD00116CAC /* ModelKit */; };
/* End PBXBuildFile section */

/* Begin PBXContainerItemProxy section */
		48F0D696305EF65700116CAC /* PBXContainerItemProxy */ = {
			isa = PBXContainerItemProxy;
			containerPortal = 48F0D677305EF65600116CAC /* Project object */;
			proxyType = 1;
			remoteGlobalIDString = 48F0D67E305EF65600116CAC;
			remoteInfo = PocketServe1;
		};
		48F0D6A0305EF65700116CAC /* PBXContainerItemProxy */ = {
			isa = PBXContainerItemProxy;
			containerPortal = 48F0D677305EF65600116CAC /* Project object */;
			proxyType = 1;
			remoteGlobalIDString = 48F0D67E305EF65600116CAC;
			remoteInfo = PocketServe1;
		};
/* End PBXContainerItemProxy section */

/* Begin PBXFileReference section */
		48F0D67F305EF65600116CAC /* PocketServe1.app */ = {isa = PBXFileReference; explicitFileType = wrapper.application; includeInIndex = 0; path = PocketServe1.app; sourceTree = BUILT_PRODUCTS_DIR; };
		48F0D695305EF65700116CAC /* PocketServe1Tests.xctest */ = {isa = PBXFileReference; explicitFileType = wrapper.cfbundle; includeInIndex = 0; path = PocketServe1Tests.xctest; sourceTree = BUILT_PRODUCTS_DIR; };
		48F0D69F305EF65700116CAC /* PocketServe1UITests.xctest */ = {isa = PBXFileReference; explicitFileType = wrapper.cfbundle; includeInIndex = 0; path = PocketServe1UITests.xctest; sourceTree = BUILT_PRODUCTS_DIR; };
/* End PBXFileReference section */

/* Begin PBXFileSystemSynchronizedBuildFileExceptionSet section */
		48F0D6A5305EF65700116CAC /* Exceptions for "PocketServe1" folder in "PocketServe1" target */ = {
			isa = PBXFileSystemSynchronizedBuildFileExceptionSet;
			membershipExceptions = (
				Info.plist,
			);
			target = 48F0D67E305EF65600116CAC /* PocketServe1 */;
		};
/* End PBXFileSystemSynchronizedBuildFileExceptionSet section */

/* Begin PBXFileSystemSynchronizedRootGroup section */
		48F0D681305EF65600116CAC /* PocketServe1 */ = {
			isa = PBXFileSystemSynchronizedRootGroup;
			exceptions = (
				48F0D6A5305EF65700116CAC /* Exceptions for "PocketServe1" folder in "PocketServe1" target */,
			);
			path = PocketServe1;
			sourceTree = "<group>";
		};
		48F0D698305EF65700116CAC /* PocketServe1Tests */ = {
			isa = PBXFileSystemSynchronizedRootGroup;
			path = PocketServe1Tests;
			sourceTree = "<group>";
		};
		48F0D6A2305EF65700116CAC /* PocketServe1UITests */ = {
			isa = PBXFileSystemSynchronizedRootGroup;
			path = PocketServe1UITests;
			sourceTree = "<group>";
		};
/* End PBXFileSystemSynchronizedRootGroup section */

/* Begin PBXFrameworksBuildPhase section */
		48F0D67C305EF65600116CAC /* Frameworks */ = {
			isa = PBXFrameworksBuildPhase;
			files = (
				48F0D6DA305EF8B000116CAC /* OpenAICompat in Frameworks */,
				48F0D76F305FB0AD00116CAC /* ModelKit in Frameworks */,
				48F0D6E3305EFB0000116CAC /* MLXLLM in Frameworks */,
				48F0D6E5305EFB0000116CAC /* MLXLMCommon in Frameworks */,
			);
		};
		48F0D692305EF65700116CAC /* Frameworks */ = {
			isa = PBXFrameworksBuildPhase;
			files = (
			);
		};
		48F0D69C305EF65700116CAC /* Frameworks */ = {
			isa = PBXFrameworksBuildPhase;
			files = (
			);
		};
/* End PBXFrameworksBuildPhase section */

/* Begin PBXGroup section */
		48F0D676305EF65600116CAC = {
			isa = PBXGroup;
			children = (
				48F0D681305EF65600116CAC /* PocketServe1 */,
				48F0D698305EF65700116CAC /* PocketServe1Tests */,
				48F0D6A2305EF65700116CAC /* PocketServe1UITests */,
				48F0D6D8305EF8B000116CAC /* Frameworks */,
				48F0D680305EF65600116CAC /* Products */,
			);
			sourceTree = "<group>";
		};
		48F0D680305EF65600116CAC /* Products */ = {
			isa = PBXGroup;
			children = (
				48F0D67F305EF65600116CAC /* PocketServe1.app */,
				48F0D695305EF65700116CAC /* PocketServe1Tests.xctest */,
				48F0D69F305EF65700116CAC /* PocketServe1UITests.xctest */,
			);
			name = Products;
			sourceTree = "<group>";
		};
		48F0D6D8305EF8B000116CAC /* Frameworks */ = {
			isa = PBXGroup;
			children = (
			);
			name = Frameworks;
			sourceTree = "<group>";
		};
/* End PBXGroup section */

/* Begin PBXNativeTarget section */
		48F0D67E305EF65600116CAC /* PocketServe1 */ = {
			isa = PBXNativeTarget;
			buildConfigurationList = 48F0D6A6305EF65700116CAC /* Build configuration list for PBXNativeTarget "PocketServe1" */;
			buildPhases = (
				48F0D67B305EF65600116CAC /* Sources */,
				48F0D67C305EF65600116CAC /* Frameworks */,
				48F0D67D305EF65600116CAC /* Resources */,
			);
			buildRules = (
			);
			fileSystemSynchronizedGroups = (
				48F0D681305EF65600116CAC /* PocketServe1 */,
			);
			name = PocketServe1;
			packageProductDependencies = (
				48F0D6D9305EF8B000116CAC /* OpenAICompat */,
				48F0D6E2305EFB0000116CAC /* MLXLLM */,
				48F0D6E4305EFB0000116CAC /* MLXLMCommon */,
				48F0D76E305FB0AD00116CAC /* ModelKit */,
			);
			productName = PocketServe1;
			productReference = 48F0D67F305EF65600116CAC /* PocketServe1.app */;
			productType = "com.apple.product-type.application";
		};
		48F0D694305EF65700116CAC /* PocketServe1Tests */ = {
			isa = PBXNativeTarget;
			buildConfigurationList = 48F0D6AB305EF65700116CAC /* Build configuration list for PBXNativeTarget "PocketServe1Tests" */;
			buildPhases = (
				48F0D691305EF65700116CAC /* Sources */,
				48F0D692305EF65700116CAC /* Frameworks */,
				48F0D693305EF65700116CAC /* Resources */,
			);
			buildRules = (
			);
			dependencies = (
				48F0D697305EF65700116CAC /* PBXTargetDependency */,
			);
			fileSystemSynchronizedGroups = (
				48F0D698305EF65700116CAC /* PocketServe1Tests */,
			);
			name = PocketServe1Tests;
			productName = PocketServe1Tests;
			productReference = 48F0D695305EF65700116CAC /* PocketServe1Tests.xctest */;
			productType = "com.apple.product-type.bundle.unit-test";
		};
		48F0D69E305EF65700116CAC /* PocketServe1UITests */ = {
			isa = PBXNativeTarget;
			buildConfigurationList = 48F0D6AE305EF65700116CAC /* Build configuration list for PBXNativeTarget "PocketServe1UITests" */;
			buildPhases = (
				48F0D69B305EF65700116CAC /* Sources */,
				48F0D69C305EF65700116CAC /* Frameworks */,
				48F0D69D305EF65700116CAC /* Resources */,
			);
			buildRules = (
			);
			dependencies = (
				48F0D6A1305EF65700116CAC /* PBXTargetDependency */,
			);
			fileSystemSynchronizedGroups = (
				48F0D6A2305EF65700116CAC /* PocketServe1UITests */,
			);
			name = PocketServe1UITests;
			productName = PocketServe1UITests;
			productReference = 48F0D69F305EF65700116CAC /* PocketServe1UITests.xctest */;
			productType = "com.apple.product-type.bundle.ui-testing";
		};
/* End PBXNativeTarget section */

/* Begin PBXProject section */
		48F0D677305EF65600116CAC /* Project object */ = {
			isa = PBXProject;
			attributes = {
				BuildIndependentTargetsInParallel = 1;
				LastSwiftUpdateCheck = 2700;
				LastUpgradeCheck = 2700;
				TargetAttributes = {
					48F0D67E305EF65600116CAC = {
						CreatedOnToolsVersion = 27.0;
					};
					48F0D694305EF65700116CAC = {
						CreatedOnToolsVersion = 27.0;
						TestTargetID = 48F0D67E305EF65600116CAC;
					};
					48F0D69E305EF65700116CAC = {
						CreatedOnToolsVersion = 27.0;
						TestTargetID = 48F0D67E305EF65600116CAC;
					};
				};
			};
			buildConfigurationList = 48F0D67A305EF65600116CAC /* Build configuration list for PBXProject "PocketServe1" */;
			developmentRegion = en;
			hasScannedForEncodings = 0;
			knownRegions = (
				en,
				Base,
			);
			mainGroup = 48F0D676305EF65600116CAC;
			minimizedProjectReferenceProxies = 1;
			packageReferences = (
				48F0D6BB305EF77300116CAC /* XCLocalSwiftPackageReference "../Packages/OpenAICompat" */,
				48F0D6E1305EFB0000116CAC /* XCRemoteSwiftPackageReference "mlx-swift-examples" */,
				48F0D76D305FB09200116CAC /* XCLocalSwiftPackageReference "../Packages/ModelKit" */,
			);
			preferredProjectObjectVersion = 77;
			productRefGroup = 48F0D680305EF65600116CAC /* Products */;
			projectDirPath = "";
			projectRoot = "";
			targets = (
				48F0D67E305EF65600116CAC /* PocketServe1 */,
				48F0D694305EF65700116CAC /* PocketServe1Tests */,
				48F0D69E305EF65700116CAC /* PocketServe1UITests */,
			);
		};
/* End PBXProject section */

/* Begin PBXResourcesBuildPhase section */
		48F0D67D305EF65600116CAC /* Resources */ = {
			isa = PBXResourcesBuildPhase;
			files = (
			);
		};
		48F0D693305EF65700116CAC /* Resources */ = {
			isa = PBXResourcesBuildPhase;
			files = (
			);
		};
		48F0D69D305EF65700116CAC /* Resources */ = {
			isa = PBXResourcesBuildPhase;
			files = (
			);
		};
/* End PBXResourcesBuildPhase section */

/* Begin PBXSourcesBuildPhase section */
		48F0D67B305EF65600116CAC /* Sources */ = {
			isa = PBXSourcesBuildPhase;
			files = (
			);
		};
		48F0D691305EF65700116CAC /* Sources */ = {
			isa = PBXSourcesBuildPhase;
			files = (
			);
		};
		48F0D69B305EF65700116CAC /* Sources */ = {
			isa = PBXSourcesBuildPhase;
			files = (
			);
		};
/* End PBXSourcesBuildPhase section */

/* Begin PBXTargetDependency section */
		48F0D697305EF65700116CAC /* PBXTargetDependency */ = {
			isa = PBXTargetDependency;
			target = 48F0D67E305EF65600116CAC /* PocketServe1 */;
			targetProxy = 48F0D696305EF65700116CAC /* PBXContainerItemProxy */;
		};
		48F0D6A1305EF65700116CAC /* PBXTargetDependency */ = {
			isa = PBXTargetDependency;
			target = 48F0D67E305EF65600116CAC /* PocketServe1 */;
			targetProxy = 48F0D6A0305EF65700116CAC /* PBXContainerItemProxy */;
		};
/* End PBXTargetDependency section */

/* Begin XCBuildConfiguration section */
		48F0D6A7305EF65700116CAC /* Debug configuration for PBXNativeTarget "PocketServe1" */ = {
			isa = XCBuildConfiguration;
			buildSettings = {
				ASSETCATALOG_COMPILER_APPICON_NAME = AppIcon;
				ASSETCATALOG_COMPILER_GLOBAL_ACCENT_COLOR_NAME = AccentColor;
				CODE_SIGN_STYLE = Automatic;
				CURRENT_PROJECT_VERSION = 1;
				DEVELOPMENT_TEAM = 862TLS4WWB;
				GENERATE_INFOPLIST_FILE = YES;
				INFOPLIST_FILE = PocketServe1/Info.plist;
				INFOPLIST_KEY_NSLocalNetworkUsageDescription = "Serwer AI dla Twojego komputera";
				INFOPLIST_KEY_UIApplicationSupportsIndirectInputEvents = YES;
				INFOPLIST_KEY_UILaunchStoryboardName = LaunchScreen;
				INFOPLIST_KEY_UIMainStoryboardFile = Main;
				INFOPLIST_KEY_UISupportedInterfaceOrientations_iPad = "UIInterfaceOrientationPortrait UIInterfaceOrientationPortraitUpsideDown UIInterfaceOrientationLandscapeLeft UIInterfaceOrientationLandscapeRight";
				INFOPLIST_KEY_UISupportedInterfaceOrientations_iPhone = "UIInterfaceOrientationPortrait UIInterfaceOrientationLandscapeLeft UIInterfaceOrientationLandscapeRight";
				LD_RUNPATH_SEARCH_PATHS = (
					"$(inherited)",
					"@executable_path/Frameworks",
				);
				MARKETING_VERSION = 1.0;
				PRODUCT_BUNDLE_IDENTIFIER = com.pawel.pocketserve.PocketServe1;
				PRODUCT_NAME = "$(TARGET_NAME)";
				STRING_CATALOG_GENERATE_SYMBOLS = YES;
				SWIFT_APPROACHABLE_CONCURRENCY = YES;
				SWIFT_DEFAULT_ACTOR_ISOLATION = MainActor;
				SWIFT_EMIT_LOC_STRINGS = YES;
				SWIFT_UPCOMING_FEATURE_MEMBER_IMPORT_VISIBILITY = YES;
				SWIFT_VERSION = 5.0;
				TARGETED_DEVICE_FAMILY = "1,2";
			};
			name = Debug;
		};
		48F0D6A8305EF65700116CAC /* Release configuration for PBXNativeTarget "PocketServe1" */ = {
			isa = XCBuildConfiguration;
			buildSettings = {
				ASSETCATALOG_COMPILER_APPICON_NAME = AppIcon;
				ASSETCATALOG_COMPILER_GLOBAL_ACCENT_COLOR_NAME = AccentColor;
				CODE_SIGN_STYLE = Automatic;
				CURRENT_PROJECT_VERSION = 1;
				DEVELOPMENT_TEAM = 862TLS4WWB;
				GENERATE_INFOPLIST_FILE = YES;
				INFOPLIST_FILE = PocketServe1/Info.plist;
				INFOPLIST_KEY_NSLocalNetworkUsageDescription = "Serwer AI dla Twojego komputera";
				INFOPLIST_KEY_UIApplicationSupportsIndirectInputEvents = YES;
				INFOPLIST_KEY_UILaunchStoryboardName = LaunchScreen;
				INFOPLIST_KEY_UIMainStoryboardFile = Main;
				INFOPLIST_KEY_UISupportedInterfaceOrientations_iPad = "UIInterfaceOrientationPortrait UIInterfaceOrientationPortraitUpsideDown UIInterfaceOrientationLandscapeLeft UIInterfaceOrientationLandscapeRight";
				INFOPLIST_KEY_UISupportedInterfaceOrientations_iPhone = "UIInterfaceOrientationPortrait UIInterfaceOrientationLandscapeLeft UIInterfaceOrientationLandscapeRight";
				LD_RUNPATH_SEARCH_PATHS = (
					"$(inherited)",
					"@executable_path/Frameworks",
				);
				MARKETING_VERSION = 1.0;
				PRODUCT_BUNDLE_IDENTIFIER = com.pawel.pocketserve.PocketServe1;
				PRODUCT_NAME = "$(TARGET_NAME)";
				STRING_CATALOG_GENERATE_SYMBOLS = YES;
				SWIFT_APPROACHABLE_CONCURRENCY = YES;
				SWIFT_DEFAULT_ACTOR_ISOLATION = MainActor;
				SWIFT_EMIT_LOC_STRINGS = YES;
				SWIFT_UPCOMING_FEATURE_MEMBER_IMPORT_VISIBILITY = YES;
				SWIFT_VERSION = 5.0;
				TARGETED_DEVICE_FAMILY = "1,2";
			};
			name = Release;
		};
		48F0D6A9305EF65700116CAC /* Debug configuration for PBXProject "PocketServe1" */ = {
			isa = XCBuildConfiguration;
			buildSettings = {
				ALWAYS_SEARCH_USER_PATHS = NO;
				ASSETCATALOG_COMPILER_GENERATE_SWIFT_ASSET_SYMBOL_EXTENSIONS = YES;
				CLANG_ANALYZER_NONNULL = YES;
				CLANG_ANALYZER_NUMBER_OBJECT_CONVERSION = YES_AGGRESSIVE;
				CLANG_CXX_LANGUAGE_STANDARD = "gnu++20";
				CLANG_ENABLE_MODULES = YES;
				CLANG_ENABLE_OBJC_ARC = YES;
				CLANG_ENABLE_OBJC_WEAK = YES;
				CLANG_WARN_BLOCK_CAPTURE_AUTORELEASING = YES;
				CLANG_WARN_BOOL_CONVERSION = YES;
				CLANG_WARN_COMMA = YES;
				CLANG_WARN_CONSTANT_CONVERSION = YES;
				CLANG_WARN_DEPRECATED_OBJC_IMPLEMENTATIONS = YES;
				CLANG_WARN_DIRECT_OBJC_ISA_USAGE = YES_ERROR;
				CLANG_WARN_DOCUMENTATION_COMMENTS = YES;
				CLANG_WARN_EMPTY_BODY = YES;
				CLANG_WARN_ENUM_CONVERSION = YES;
				CLANG_WARN_INFINITE_RECURSION = YES;
				CLANG_WARN_INT_CONVERSION = YES;
				CLANG_WARN_NON_LITERAL_NULL_CONVERSION = YES;
				CLANG_WARN_OBJC_IMPLICIT_RETAIN_SELF = YES;
				CLANG_WARN_OBJC_LITERAL_CONVERSION = YES;
				CLANG_WARN_OBJC_ROOT_CLASS = YES_ERROR;
				CLANG_WARN_QUOTED_INCLUDE_IN_FRAMEWORK_HEADER = YES;
				CLANG_WARN_RANGE_LOOP_ANALYSIS = YES;
				CLANG_WARN_STRICT_PROTOTYPES = YES;
				CLANG_WARN_SUSPICIOUS_MOVE = YES;
				CLANG_WARN_UNGUARDED_AVAILABILITY = YES_AGGRESSIVE;
				CLANG_WARN_UNREACHABLE_CODE = YES;
				CLANG_WARN__DUPLICATE_METHOD_MATCH = YES;
				COPY_PHASE_STRIP = NO;
				DEBUG_INFORMATION_FORMAT = dwarf;
				DEVELOPMENT_TEAM = 862TLS4WWB;
				ENABLE_STRICT_OBJC_MSGSEND = YES;
				ENABLE_TESTABILITY = YES;
				ENABLE_USER_SCRIPT_SANDBOXING = YES;
				GCC_C_LANGUAGE_STANDARD = gnu17;
				GCC_DYNAMIC_NO_PIC = NO;
				GCC_NO_COMMON_BLOCKS = YES;
				GCC_OPTIMIZATION_LEVEL = 0;
				GCC_PREPROCESSOR_DEFINITIONS = (
					"DEBUG=1",
					"$(inherited)",
				);
				GCC_WARN_64_TO_32_BIT_CONVERSION = YES;
				GCC_WARN_ABOUT_RETURN_TYPE = YES_ERROR;
				GCC_WARN_UNDECLARED_SELECTOR = YES;
				GCC_WARN_UNINITIALIZED_AUTOS = YES_AGGRESSIVE;
				GCC_WARN_UNUSED_FUNCTION = YES;
				GCC_WARN_UNUSED_VARIABLE = YES;
				IPHONEOS_DEPLOYMENT_TARGET = 27.0;
				LOCALIZATION_PREFERS_STRING_CATALOGS = YES;
				MTL_ENABLE_DEBUG_INFO = INCLUDE_SOURCE;
				MTL_FAST_MATH = YES;
				ONLY_ACTIVE_ARCH = YES;
				SDKROOT = iphoneos;
				SWIFT_ACTIVE_COMPILATION_CONDITIONS = "DEBUG $(inherited)";
				SWIFT_OPTIMIZATION_LEVEL = "-Onone";
			};
			name = Debug;
		};
		48F0D6AA305EF65700116CAC /* Release configuration for PBXProject "PocketServe1" */ = {
			isa = XCBuildConfiguration;
			buildSettings = {
				ALWAYS_SEARCH_USER_PATHS = NO;
				ASSETCATALOG_COMPILER_GENERATE_SWIFT_ASSET_SYMBOL_EXTENSIONS = YES;
				CLANG_ANALYZER_NONNULL = YES;
				CLANG_ANALYZER_NUMBER_OBJECT_CONVERSION = YES_AGGRESSIVE;
				CLANG_CXX_LANGUAGE_STANDARD = "gnu++20";
				CLANG_ENABLE_MODULES = YES;
				CLANG_ENABLE_OBJC_ARC = YES;
				CLANG_ENABLE_OBJC_WEAK = YES;
				CLANG_WARN_BLOCK_CAPTURE_AUTORELEASING = YES;
				CLANG_WARN_BOOL_CONVERSION = YES;
				CLANG_WARN_COMMA = YES;
				CLANG_WARN_CONSTANT_CONVERSION = YES;
				CLANG_WARN_DEPRECATED_OBJC_IMPLEMENTATIONS = YES;
				CLANG_WARN_DIRECT_OBJC_ISA_USAGE = YES_ERROR;
				CLANG_WARN_DOCUMENTATION_COMMENTS = YES;
				CLANG_WARN_EMPTY_BODY = YES;
				CLANG_WARN_ENUM_CONVERSION = YES;
				CLANG_WARN_INFINITE_RECURSION = YES;
				CLANG_WARN_INT_CONVERSION = YES;
				CLANG_WARN_NON_LITERAL_NULL_CONVERSION = YES;
				CLANG_WARN_OBJC_IMPLICIT_RETAIN_SELF = YES;
				CLANG_WARN_OBJC_LITERAL_CONVERSION = YES;
				CLANG_WARN_OBJC_ROOT_CLASS = YES_ERROR;
				CLANG_WARN_QUOTED_INCLUDE_IN_FRAMEWORK_HEADER = YES;
				CLANG_WARN_RANGE_LOOP_ANALYSIS = YES;
				CLANG_WARN_STRICT_PROTOTYPES = YES;
				CLANG_WARN_SUSPICIOUS_MOVE = YES;
				CLANG_WARN_UNGUARDED_AVAILABILITY = YES_AGGRESSIVE;
				CLANG_WARN_UNREACHABLE_CODE = YES;
				CLANG_WARN__DUPLICATE_METHOD_MATCH = YES;
				COPY_PHASE_STRIP = NO;
				DEBUG_INFORMATION_FORMAT = "dwarf-with-dsym";
				DEVELOPMENT_TEAM = 862TLS4WWB;
				ENABLE_NS_ASSERTIONS = NO;
				ENABLE_STRICT_OBJC_MSGSEND = YES;
				ENABLE_USER_SCRIPT_SANDBOXING = YES;
				GCC_C_LANGUAGE_STANDARD = gnu17;
				GCC_NO_COMMON_BLOCKS = YES;
				GCC_WARN_64_TO_32_BIT_CONVERSION = YES;
				GCC_WARN_ABOUT_RETURN_TYPE = YES_ERROR;
				GCC_WARN_UNDECLARED_SELECTOR = YES;
				GCC_WARN_UNINITIALIZED_AUTOS = YES_AGGRESSIVE;
				GCC_WARN_UNUSED_FUNCTION = YES;
				GCC_WARN_UNUSED_VARIABLE = YES;
				IPHONEOS_DEPLOYMENT_TARGET = 27.0;
				LOCALIZATION_PREFERS_STRING_CATALOGS = YES;
				MTL_ENABLE_DEBUG_INFO = NO;
				MTL_FAST_MATH = YES;
				SDKROOT = iphoneos;
				SWIFT_COMPILATION_MODE = wholemodule;
				VALIDATE_PRODUCT = YES;
			};
			name = Release;
		};
		48F0D6AC305EF65700116CAC /* Debug configuration for PBXNativeTarget "PocketServe1Tests" */ = {
			isa = XCBuildConfiguration;
			buildSettings = {
				BUNDLE_LOADER = "$(TEST_HOST)";
				CODE_SIGN_STYLE = Automatic;
				CURRENT_PROJECT_VERSION = 1;
				DEVELOPMENT_TEAM = 862TLS4WWB;
				GENERATE_INFOPLIST_FILE = YES;
				IPHONEOS_DEPLOYMENT_TARGET = 27.0;
				MARKETING_VERSION = 1.0;
				PRODUCT_BUNDLE_IDENTIFIER = com.pawel.pocketserve.PocketServe1Tests;
				PRODUCT_NAME = "$(TARGET_NAME)";
				STRING_CATALOG_GENERATE_SYMBOLS = NO;
				SWIFT_APPROACHABLE_CONCURRENCY = YES;
				SWIFT_EMIT_LOC_STRINGS = NO;
				SWIFT_UPCOMING_FEATURE_MEMBER_IMPORT_VISIBILITY = YES;
				SWIFT_VERSION = 5.0;
				TARGETED_DEVICE_FAMILY = "1,2";
				TEST_HOST = "$(BUILT_PRODUCTS_DIR)/PocketServe1.app/$(BUNDLE_EXECUTABLE_FOLDER_PATH)/PocketServe1";
			};
			name = Debug;
		};
		48F0D6AD305EF65700116CAC /* Release configuration for PBXNativeTarget "PocketServe1Tests" */ = {
			isa = XCBuildConfiguration;
			buildSettings = {
				BUNDLE_LOADER = "$(TEST_HOST)";
				CODE_SIGN_STYLE = Automatic;
				CURRENT_PROJECT_VERSION = 1;
				DEVELOPMENT_TEAM = 862TLS4WWB;
				GENERATE_INFOPLIST_FILE = YES;
				IPHONEOS_DEPLOYMENT_TARGET = 27.0;
				MARKETING_VERSION = 1.0;
				PRODUCT_BUNDLE_IDENTIFIER = com.pawel.pocketserve.PocketServe1Tests;
				PRODUCT_NAME = "$(TARGET_NAME)";
				STRING_CATALOG_GENERATE_SYMBOLS = NO;
				SWIFT_APPROACHABLE_CONCURRENCY = YES;
				SWIFT_EMIT_LOC_STRINGS = NO;
				SWIFT_UPCOMING_FEATURE_MEMBER_IMPORT_VISIBILITY = YES;
				SWIFT_VERSION = 5.0;
				TARGETED_DEVICE_FAMILY = "1,2";
				TEST_HOST = "$(BUILT_PRODUCTS_DIR)/PocketServe1.app/$(BUNDLE_EXECUTABLE_FOLDER_PATH)/PocketServe1";
			};
			name = Release;
		};
		48F0D6AF305EF65700116CAC /* Debug configuration for PBXNativeTarget "PocketServe1UITests" */ = {
			isa = XCBuildConfiguration;
			buildSettings = {
				CODE_SIGN_STYLE = Automatic;
				CURRENT_PROJECT_VERSION = 1;
				DEVELOPMENT_TEAM = 862TLS4WWB;
				GENERATE_INFOPLIST_FILE = YES;
				MARKETING_VERSION = 1.0;
				PRODUCT_BUNDLE_IDENTIFIER = com.pawel.pocketserve.PocketServe1UITests;
				PRODUCT_NAME = "$(TARGET_NAME)";
				STRING_CATALOG_GENERATE_SYMBOLS = NO;
				SWIFT_APPROACHABLE_CONCURRENCY = YES;
				SWIFT_EMIT_LOC_STRINGS = NO;
				SWIFT_UPCOMING_FEATURE_MEMBER_IMPORT_VISIBILITY = YES;
				SWIFT_VERSION = 5.0;
				TARGETED_DEVICE_FAMILY = "1,2";
				TEST_TARGET_NAME = PocketServe1;
			};
			name = Debug;
		};
		48F0D6B0305EF65700116CAC /* Release configuration for PBXNativeTarget "PocketServe1UITests" */ = {
			isa = XCBuildConfiguration;
			buildSettings = {
				CODE_SIGN_STYLE = Automatic;
				CURRENT_PROJECT_VERSION = 1;
				DEVELOPMENT_TEAM = 862TLS4WWB;
				GENERATE_INFOPLIST_FILE = YES;
				MARKETING_VERSION = 1.0;
				PRODUCT_BUNDLE_IDENTIFIER = com.pawel.pocketserve.PocketServe1UITests;
				PRODUCT_NAME = "$(TARGET_NAME)";
				STRING_CATALOG_GENERATE_SYMBOLS = NO;
				SWIFT_APPROACHABLE_CONCURRENCY = YES;
				SWIFT_EMIT_LOC_STRINGS = NO;
				SWIFT_UPCOMING_FEATURE_MEMBER_IMPORT_VISIBILITY = YES;
				SWIFT_VERSION = 5.0;
				TARGETED_DEVICE_FAMILY = "1,2";
				TEST_TARGET_NAME = PocketServe1;
			};
			name = Release;
		};
/* End XCBuildConfiguration section */

/* Begin XCConfigurationList section */
		48F0D67A305EF65600116CAC /* Build configuration list for PBXProject "PocketServe1" */ = {
			isa = XCConfigurationList;
			buildConfigurations = (
				48F0D6A9305EF65700116CAC /* Debug configuration for PBXProject "PocketServe1" */,
				48F0D6AA305EF65700116CAC /* Release configuration for PBXProject "PocketServe1" */,
			);
			defaultConfigurationName = Release;
		};
		48F0D6A6305EF65700116CAC /* Build configuration list for PBXNativeTarget "PocketServe1" */ = {
			isa = XCConfigurationList;
			buildConfigurations = (
				48F0D6A7305EF65700116CAC /* Debug configuration for PBXNativeTarget "PocketServe1" */,
				48F0D6A8305EF65700116CAC /* Release configuration for PBXNativeTarget "PocketServe1" */,
			);
			defaultConfigurationName = Release;
		};
		48F0D6AB305EF65700116CAC /* Build configuration list for PBXNativeTarget "PocketServe1Tests" */ = {
			isa = XCConfigurationList;
			buildConfigurations = (
				48F0D6AC305EF65700116CAC /* Debug configuration for PBXNativeTarget "PocketServe1Tests" */,
				48F0D6AD305EF65700116CAC /* Release configuration for PBXNativeTarget "PocketServe1Tests" */,
			);
			defaultConfigurationName = Release;
		};
		48F0D6AE305EF65700116CAC /* Build configuration list for PBXNativeTarget "PocketServe1UITests" */ = {
			isa = XCConfigurationList;
			buildConfigurations = (
				48F0D6AF305EF65700116CAC /* Debug configuration for PBXNativeTarget "PocketServe1UITests" */,
				48F0D6B0305EF65700116CAC /* Release configuration for PBXNativeTarget "PocketServe1UITests" */,
			);
			defaultConfigurationName = Release;
		};
/* End XCConfigurationList section */

/* Begin XCLocalSwiftPackageReference section */
		48F0D6BB305EF77300116CAC /* XCLocalSwiftPackageReference "../Packages/OpenAICompat" */ = {
			isa = XCLocalSwiftPackageReference;
			relativePath = ../Packages/OpenAICompat;
		};
		48F0D76D305FB09200116CAC /* XCLocalSwiftPackageReference "../Packages/ModelKit" */ = {
			isa = XCLocalSwiftPackageReference;
			relativePath = ../Packages/ModelKit;
		};
/* End XCLocalSwiftPackageReference section */

/* Begin XCRemoteSwiftPackageReference section */
		48F0D6E1305EFB0000116CAC /* XCRemoteSwiftPackageReference "mlx-swift-examples" */ = {
			isa = XCRemoteSwiftPackageReference;
			repositoryURL = "https://github.com/ml-explore/mlx-swift-examples.git";
			requirement = {
				kind = upToNextMajorVersion;
				minimumVersion = 2.29.1;
			};
		};
/* End XCRemoteSwiftPackageReference section */

/* Begin XCSwiftPackageProductDependency section */
		48F0D6D9305EF8B000116CAC /* OpenAICompat */ = {
			isa = XCSwiftPackageProductDependency;
			package = 48F0D6BB305EF77300116CAC /* XCLocalSwiftPackageReference "../Packages/OpenAICompat" */;
			productName = OpenAICompat;
		};
		48F0D6E2305EFB0000116CAC /* MLXLLM */ = {
			isa = XCSwiftPackageProductDependency;
			package = 48F0D6E1305EFB0000116CAC /* XCRemoteSwiftPackageReference "mlx-swift-examples" */;
			productName = MLXLLM;
		};
		48F0D6E4305EFB0000116CAC /* MLXLMCommon */ = {
			isa = XCSwiftPackageProductDependency;
			package = 48F0D6E1305EFB0000116CAC /* XCRemoteSwiftPackageReference "mlx-swift-examples" */;
			productName = MLXLMCommon;
		};
		48F0D76E305FB0AD00116CAC /* ModelKit */ = {
			isa = XCSwiftPackageProductDependency;
			package = 48F0D76D305FB09200116CAC /* XCLocalSwiftPackageReference "../Packages/ModelKit" */;
			productName = ModelKit;
		};
/* End XCSwiftPackageProductDependency section */
	};
	rootObject = 48F0D677305EF65600116CAC /* Project object */;
	validationLevel = 1;
}
